{
  "originHash" : "fbe446a186d72111751f68dab2e04e9bfc67fc63e1453af44efcd795ad3016c9",
  "pins" : [
    {
      "identity" : "alamofire",
      "kind" : "remoteSourceControl",
      "location" : "https://github.com/Alamofire/Alamofire.git",
      "state" : {
        "revision" : "f455c2975872ccd2d9c81594c658af65716e9b9a",
        "version" : "5.9.1"
      }
    },
    {
      "identity" : "brightfutures",
      "kind" : "remoteSourceControl",
      "location" : "https://github.com/Thomvis/BrightFutures.git",
      "state" : {
        "revision" : "fa66fa183dce7196d431244d0215748cd14c5758",
        "version" : "8.2.0"
      }
    },
    {
      "identity" : "butterflymx-sdk-ios",
      "kind" : "remoteSourceControl",
      "location" : "https://github.com/runslikebutter/butterflymx-sdk-ios/",
      "state" : {
        "branch" : "main",
        "revision" : "0ad5a25c7abce521e1e70fd0748c40b158a61099"
      }
    },
    {
      "identity" : "erik",
      "kind" : "remoteSourceControl",
      "location" : "https://github.com/phimage/Erik.git",
      "state" : {
        "revision" : "109a130e9cdb00789a43a7a625293eeb12d22989",
        "version" : "5.1.0"
      }
    },
    {
      "identity" : "filekit",
      "kind" : "remoteSourceControl",
      "location" : "https://github.com/nvzqz/FileKit.git",
      "state" : {
        "revision" : "9006d2888025fbe893c3c396327b2fe45a8c177b",
        "version" : "6.1.0"
      }
    },
    {
      "identity" : "japx",
      "kind" : "remoteSourceControl",
      "location" : "https://github.com/infinum/Japx.git",
      "state" : {
        "revision" : "5f08fbe4eddfe70ab412ddd5d16a89396b32f214",
        "version" : "4.0.1"
      }
    },
    {
      "identity" : "kanna",
      "kind" : "remoteSourceControl",
      "location" : "https://github.com/tid-kijyun/Kanna.git",
      "state" : {
        "revision" : "41c3d28ea0eac07e4551b28def9de1ede702e739",
        "version" : "5.3.0"
      }
    },
    {
      "identity" : "moya",
      "kind" : "remoteSourceControl",
      "location" : "https://github.com/Moya/Moya.git",
      "state" : {
        "revision" : "c263811c1f3dbf002be9bd83107f7cdc38992b26",
        "version" : "15.0.3"
      }
    },
    {
      "identity" : "oauthswift",
      "kind" : "remoteSourceControl",
      "location" : "https://github.com/OAuthSwift/OAuthSwift.git",
      "state" : {
        "revision" : "d85964b96dbce94df961f28b996187c835089903",
        "version" : "2.2.0"
      }
    },
    {
      "identity" : "reactiveswift",
      "kind" : "remoteSourceControl",
      "location" : "https://github.com/ReactiveCocoa/ReactiveSwift.git",
      "state" : {
        "revision" : "c43bae3dac73fdd3cb906bd5a1914686ca71ed3c",
        "version" : "6.7.0"
      }
    },
    {
      "identity" : "rxswift",
      "kind" : "remoteSourceControl",
      "location" : "https://github.com/ReactiveX/RxSwift.git",
      "state" : {
        "revision" : "5734ad2b6d7d4c0656df3d09ca4ce54fa3c09913",
        "version" : "6.10.1"
      }
    },
    {
      "identity" : "svprogresshud",
      "kind" : "remoteSourceControl",
      "location" : "https://github.com/SVProgressHUD/SVProgressHUD.git",
      "state" : {
        "revision" : "c33f7c775ba7feea6047a1fc3257f2e5863b44f7",
        "version" : "2.3.1"
      }
    },
    {
      "identity" : "swifter",
      "kind" : "remoteSourceControl",
      "location" : "https://github.com/httpswift/swifter.git",
      "state" : {
        "revision" : "9483a5d459b45c3ffd059f7b55f9638e268632fd",
        "version" : "1.5.0"
      }
    },
    {
      "identity" : "twilio-video-ios",
      "kind" : "remoteSourceControl",
      "location" : "https://github.com/twilio/twilio-video-ios.git",
      "state" : {
        "revision" : "b2c7eb4b43e48d96500d6ae14fa67ac069431acd",
        "version" : "5.11.1"
      }
    }
  ],
  "version" : 3
}
